
Microsoft Visual Studio Solution File, Format Version 12.00
# Visual Studio Version 16
VisualStudioVersion = 16.0.31911.196
MinimumVisualStudioVersion = 10.0.40219.1
Project("{FAE04EC0-301F-11D3-BF4B-00C04F79EFBC}") = "TreeViewPlayer", "TreeViewPlayer\TreeViewPlayer.csproj", "{CE24B0BA-01F5-4D2E-98AC-48AAFAD1DC9B}"
EndProject
Global
	GlobalSection(SolutionConfigurationPlatforms) = preSolution
		Debug|Any CPU = Debug|Any CPU
		Release|Any CPU = Release|Any CPU
	EndGlobalSection
	GlobalSection(ProjectConfigurationPlatforms) = postSolution
		{CE24B0BA-01F5-4D2E-98AC-48AAFAD1DC9B}.Debug|Any CPU.ActiveCfg = Debug|Any CPU
		{CE24B0BA-01F5-4D2E-98AC-48AAFAD1DC9B}.Debug|Any CPU.Build.0 = Debug|Any CPU
		{CE24B0BA-01F5-4D2E-98AC-48AAFAD1DC9B}.Release|Any CPU.ActiveCfg = Release|Any CPU
		{CE24B0BA-01F5-4D2E-98AC-48AAFAD1DC9B}.Release|Any CPU.Build.0 = Release|Any CPU
	EndGlobalSection
	GlobalSection(SolutionProperties) = preSolution
		HideSolutionNode = FALSE
	EndGlobalSection
	GlobalSection(ExtensibilityGlobals) = postSolution
		SolutionGuid = {6A99A38D-5E45-4B9B-88C1-E87865DE5603}
	EndGlobalSection
EndGlobal
