
Microsoft Visual Studio Solution File, Format Version 12.00
# Visual Studio Version 16
VisualStudioVersion = 16.0.31911.196
MinimumVisualStudioVersion = 10.0.40219.1
Project("{FAE04EC0-301F-11D3-BF4B-00C04F79EFBC}") = "WindowsFormCalendar", "WindowsFormCalendar\WindowsFormCalendar.csproj", "{B434E0F3-3CA1-4CE3-AAC6-32C272832222}"
EndProject
Global
	GlobalSection(SolutionConfigurationPlatforms) = preSolution
		Debug|Any CPU = Debug|Any CPU
		Release|Any CPU = Release|Any CPU
	EndGlobalSection
	GlobalSection(ProjectConfigurationPlatforms) = postSolution
		{B434E0F3-3CA1-4CE3-AAC6-32C272832222}.Debug|Any CPU.ActiveCfg = Debug|Any CPU
		{B434E0F3-3CA1-4CE3-AAC6-32C272832222}.Debug|Any CPU.Build.0 = Debug|Any CPU
		{B434E0F3-3CA1-4CE3-AAC6-32C272832222}.Release|Any CPU.ActiveCfg = Release|Any CPU
		{B434E0F3-3CA1-4CE3-AAC6-32C272832222}.Release|Any CPU.Build.0 = Release|Any CPU
	EndGlobalSection
	GlobalSection(SolutionProperties) = preSolution
		HideSolutionNode = FALSE
	EndGlobalSection
	GlobalSection(ExtensibilityGlobals) = postSolution
		SolutionGuid = {D753F724-48FE-4557-924F-AFA8C05C43E1}
	EndGlobalSection
EndGlobal
